{
  "version": 4,
  "terraform_version": "1.8.2",
  "serial": 33,
  "lineage": "79d8f484-cfcd-e027-fb19-3fbbcbc8093d",
  "outputs": {},
  "resources": [
    {
      "mode": "managed",
      "type": "azurerm_linux_web_app",
      "name": "backend",
      "provider": "provider[\"registry.terraform.io/hashicorp/azurerm\"]",
      "instances": [
        {
          "schema_version": 0,
          "attributes": {
            "app_settings": {},
            "auth_settings": [
              {
                "active_directory": [],
                "additional_login_parameters": {},
                "allowed_external_redirect_urls": [],
                "default_provider": "",
                "enabled": false,
                "facebook": [],
                "github": [],
                "google": [],
                "issuer": "",
                "microsoft": [],
                "runtime_version": "",
                "token_refresh_extension_hours": 0,
                "token_store_enabled": false,
                "twitter": [],
                "unauthenticated_client_action": ""
              }
            ],
            "backup": [],
            "client_affinity_enabled": false,
            "client_certificate_enabled": false,
            "client_certificate_mode": "Required",
            "connection_string": [],
            "custom_domain_verification_id": "C999D7E3CA5D3B81BBC38BEC94511C64CF46E810B3824A0CA16239E592737628",
            "default_hostname": "backend-desofsm1a6.azurewebsites.net",
            "enabled": true,
            "https_only": true,
            "id": "/subscriptions/817c1532-85ce-4a4f-bea2-6ea18491ba01/resourceGroups/resourceGroup-desofsM1a6/providers/Microsoft.Web/sites/backend-desofsM1a6",
            "identity": [],
            "key_vault_reference_identity_id": "SystemAssigned",
            "kind": "app,linux",
            "location": "westeurope",
            "logs": [],
            "name": "backend-desofsM1a6",
            "outbound_ip_address_list": [
              "4.245.49.118",
              "20.71.84.155",
              "20.71.87.9",
              "4.231.65.68",
              "4.231.65.111",
              "4.231.65.116",
              "4.245.48.126",
              "4.245.48.165",
              "4.245.48.171",
              "4.245.48.187",
              "4.245.48.194",
              "4.245.48.205",
              "20.105.232.50"
            ],
            "outbound_ip_addresses": "4.245.49.118,20.71.84.155,20.71.87.9,4.231.65.68,4.231.65.111,4.231.65.116,4.245.48.126,4.245.48.165,4.245.48.171,4.245.48.187,4.245.48.194,4.245.48.205,20.105.232.50",
            "possible_outbound_ip_address_list": [
              "4.245.49.118",
              "20.71.84.155",
              "20.71.87.9",
              "4.231.65.68",
              "4.231.65.111",
              "4.231.65.116",
              "4.245.48.126",
              "4.245.48.165",
              "4.245.48.171",
              "4.245.48.187",
              "4.245.48.194",
              "4.245.48.205",
              "20.71.84.156",
              "4.245.48.219",
              "4.245.48.223",
              "4.245.48.229",
              "4.245.48.239",
              "4.245.49.7",
              "4.245.49.21",
              "4.245.49.28",
              "4.245.49.62",
              "4.245.49.72",
              "4.245.49.76",
              "20.76.76.249",
              "4.245.49.118",
              "20.71.84.155",
              "20.71.87.9",
              "4.231.65.68",
              "4.231.65.111",
              "4.231.65.116",
              "20.4.204.106",
              "4.231.65.143",
              "4.231.65.150",
              "4.231.65.181",
              "20.23.48.178",
              "20.23.49.154",
              "20.105.232.50"
            ],
            "possible_outbound_ip_addresses": "4.245.49.118,20.71.84.155,20.71.87.9,4.231.65.68,4.231.65.111,4.231.65.116,4.245.48.126,4.245.48.165,4.245.48.171,4.245.48.187,4.245.48.194,4.245.48.205,20.71.84.156,4.245.48.219,4.245.48.223,4.245.48.229,4.245.48.239,4.245.49.7,4.245.49.21,4.245.49.28,4.245.49.62,4.245.49.72,4.245.49.76,20.76.76.249,4.245.49.118,20.71.84.155,20.71.87.9,4.231.65.68,4.231.65.111,4.231.65.116,20.4.204.106,4.231.65.143,4.231.65.150,4.231.65.181,20.23.48.178,20.23.49.154,20.105.232.50",
            "resource_group_name": "resourceGroup-desofsM1a6",
            "service_plan_id": "/subscriptions/817c1532-85ce-4a4f-bea2-6ea18491ba01/resourceGroups/resourceGroup-desofsM1a6/providers/Microsoft.Web/serverfarms/appServicePlan-desofsM1a6",
            "site_config": [
              {
                "always_on": true,
                "api_definition_url": "",
                "api_management_api_id": "",
                "app_command_line": "",
                "application_stack": [
                  {
                    "docker_image": "",
                    "docker_image_tag": "",
                    "dotnet_version": "",
                    "java_server": "",
                    "java_server_version": "",
                    "java_version": "",
                    "node_version": "",
                    "php_version": "",
                    "python_version": "",
                    "ruby_version": ""
                  }
                ],
                "auto_heal_enabled": false,
                "auto_heal_setting": [],
                "container_registry_managed_identity_client_id": "",
                "container_registry_use_managed_identity": false,
                "cors": [],
                "default_documents": [
                  "Default.htm",
                  "Default.html",
                  "Default.asp",
                  "index.htm",
                  "index.html",
                  "iisstart.htm",
                  "default.aspx",
                  "index.php",
                  "hostingstart.html"
                ],
                "detailed_error_logging_enabled": false,
                "ftps_state": "Disabled",
                "health_check_eviction_time_in_min": 0,
                "health_check_path": "",
                "http2_enabled": false,
                "ip_restriction": [],
                "linux_fx_version": "",
                "load_balancing_mode": "LeastRequests",
                "local_mysql_enabled": false,
                "managed_pipeline_mode": "Integrated",
                "minimum_tls_version": "1.2",
                "remote_debugging_enabled": false,
                "remote_debugging_version": "VS2019",
                "scm_ip_restriction": [],
                "scm_minimum_tls_version": "1.2",
                "scm_type": "None",
                "scm_use_main_ip_restriction": false,
                "use_32_bit_worker": true,
                "vnet_route_all_enabled": false,
                "websockets_enabled": false,
                "worker_count": 1
              }
            ],
            "site_credential": [
              {
                "name": "$backend-desofsM1a6",
                "password": "8gDJoriJ1cqmfMhe1F3EaZRpRrsrAsdntkcuxF1X1vQhD7WjeGLJ4HCdc7iG"
              }
            ],
            "storage_account": [],
            "tags": {},
            "timeouts": null
          },
          "sensitive_attributes": [
            [
              {
                "type": "get_attr",
                "value": "custom_domain_verification_id"
              }
            ]
          ],
          "private": "eyJlMmJmYjczMC1lY2FhLTExZTYtOGY4OC0zNDM2M2JjN2M0YzAiOnsiY3JlYXRlIjoxODAwMDAwMDAwMDAwLCJkZWxldGUiOjE4MDAwMDAwMDAwMDAsInJlYWQiOjMwMDAwMDAwMDAwMCwidXBkYXRlIjoxODAwMDAwMDAwMDAwfX0=",
          "dependencies": [
            "azurerm_resource_group.tf_resource_group",
            "azurerm_service_plan.appserviceplan"
          ]
        }
      ]
    },
    {
      "mode": "managed",
      "type": "azurerm_linux_web_app",
      "name": "frontend",
      "provider": "provider[\"registry.terraform.io/hashicorp/azurerm\"]",
      "instances": [
        {
          "schema_version": 0,
          "attributes": {
            "app_settings": {},
            "auth_settings": [
              {
                "active_directory": [],
                "additional_login_parameters": {},
                "allowed_external_redirect_urls": [],
                "default_provider": "",
                "enabled": false,
                "facebook": [],
                "github": [],
                "google": [],
                "issuer": "",
                "microsoft": [],
                "runtime_version": "",
                "token_refresh_extension_hours": 0,
                "token_store_enabled": false,
                "twitter": [],
                "unauthenticated_client_action": ""
              }
            ],
            "backup": [],
            "client_affinity_enabled": false,
            "client_certificate_enabled": false,
            "client_certificate_mode": "Required",
            "connection_string": [],
            "custom_domain_verification_id": "C999D7E3CA5D3B81BBC38BEC94511C64CF46E810B3824A0CA16239E592737628",
            "default_hostname": "frontend-desofsm1a6.azurewebsites.net",
            "enabled": true,
            "https_only": true,
            "id": "/subscriptions/817c1532-85ce-4a4f-bea2-6ea18491ba01/resourceGroups/resourceGroup-desofsM1a6/providers/Microsoft.Web/sites/frontend-desofsM1a6",
            "identity": [],
            "key_vault_reference_identity_id": "SystemAssigned",
            "kind": "app,linux",
            "location": "westeurope",
            "logs": [],
            "name": "frontend-desofsM1a6",
            "outbound_ip_address_list": [
              "4.245.49.118",
              "20.71.84.155",
              "20.71.87.9",
              "4.231.65.68",
              "4.231.65.111",
              "4.231.65.116",
              "4.245.48.126",
              "4.245.48.165",
              "4.245.48.171",
              "4.245.48.187",
              "4.245.48.194",
              "4.245.48.205",
              "20.105.232.50"
            ],
            "outbound_ip_addresses": "4.245.49.118,20.71.84.155,20.71.87.9,4.231.65.68,4.231.65.111,4.231.65.116,4.245.48.126,4.245.48.165,4.245.48.171,4.245.48.187,4.245.48.194,4.245.48.205,20.105.232.50",
            "possible_outbound_ip_address_list": [
              "4.245.49.118",
              "20.71.84.155",
              "20.71.87.9",
              "4.231.65.68",
              "4.231.65.111",
              "4.231.65.116",
              "4.245.48.126",
              "4.245.48.165",
              "4.245.48.171",
              "4.245.48.187",
              "4.245.48.194",
              "4.245.48.205",
              "20.71.84.156",
              "4.245.48.219",
              "4.245.48.223",
              "4.245.48.229",
              "4.245.48.239",
              "4.245.49.7",
              "4.245.49.21",
              "4.245.49.28",
              "4.245.49.62",
              "4.245.49.72",
              "4.245.49.76",
              "20.76.76.249",
              "4.245.49.118",
              "20.71.84.155",
              "20.71.87.9",
              "4.231.65.68",
              "4.231.65.111",
              "4.231.65.116",
              "20.4.204.106",
              "4.231.65.143",
              "4.231.65.150",
              "4.231.65.181",
              "20.23.48.178",
              "20.23.49.154",
              "20.105.232.50"
            ],
            "possible_outbound_ip_addresses": "4.245.49.118,20.71.84.155,20.71.87.9,4.231.65.68,4.231.65.111,4.231.65.116,4.245.48.126,4.245.48.165,4.245.48.171,4.245.48.187,4.245.48.194,4.245.48.205,20.71.84.156,4.245.48.219,4.245.48.223,4.245.48.229,4.245.48.239,4.245.49.7,4.245.49.21,4.245.49.28,4.245.49.62,4.245.49.72,4.245.49.76,20.76.76.249,4.245.49.118,20.71.84.155,20.71.87.9,4.231.65.68,4.231.65.111,4.231.65.116,20.4.204.106,4.231.65.143,4.231.65.150,4.231.65.181,20.23.48.178,20.23.49.154,20.105.232.50",
            "resource_group_name": "resourceGroup-desofsM1a6",
            "service_plan_id": "/subscriptions/817c1532-85ce-4a4f-bea2-6ea18491ba01/resourceGroups/resourceGroup-desofsM1a6/providers/Microsoft.Web/serverfarms/appServicePlan-desofsM1a6",
            "site_config": [
              {
                "always_on": true,
                "api_definition_url": "",
                "api_management_api_id": "",
                "app_command_line": "",
                "application_stack": [
                  {
                    "docker_image": "",
                    "docker_image_tag": "",
                    "dotnet_version": "",
                    "java_server": "",
                    "java_server_version": "",
                    "java_version": "",
                    "node_version": "",
                    "php_version": "",
                    "python_version": "",
                    "ruby_version": ""
                  }
                ],
                "auto_heal_enabled": false,
                "auto_heal_setting": [],
                "container_registry_managed_identity_client_id": "",
                "container_registry_use_managed_identity": false,
                "cors": [],
                "default_documents": [
                  "Default.htm",
                  "Default.html",
                  "Default.asp",
                  "index.htm",
                  "index.html",
                  "iisstart.htm",
                  "default.aspx",
                  "index.php",
                  "hostingstart.html"
                ],
                "detailed_error_logging_enabled": false,
                "ftps_state": "Disabled",
                "health_check_eviction_time_in_min": 0,
                "health_check_path": "",
                "http2_enabled": false,
                "ip_restriction": [],
                "linux_fx_version": "",
                "load_balancing_mode": "LeastRequests",
                "local_mysql_enabled": false,
                "managed_pipeline_mode": "Integrated",
                "minimum_tls_version": "1.2",
                "remote_debugging_enabled": false,
                "remote_debugging_version": "VS2019",
                "scm_ip_restriction": [],
                "scm_minimum_tls_version": "1.2",
                "scm_type": "None",
                "scm_use_main_ip_restriction": false,
                "use_32_bit_worker": true,
                "vnet_route_all_enabled": false,
                "websockets_enabled": false,
                "worker_count": 1
              }
            ],
            "site_credential": [
              {
                "name": "$frontend-desofsM1a6",
                "password": "joyqfarJWlyQBB9ccm1qaj5XfZnHQP3GfRhgt5axhusGitdc7up5Pe5m4bbe"
              }
            ],
            "storage_account": [],
            "tags": {},
            "timeouts": null
          },
          "sensitive_attributes": [
            [
              {
                "type": "get_attr",
                "value": "custom_domain_verification_id"
              }
            ]
          ],
          "private": "eyJlMmJmYjczMC1lY2FhLTExZTYtOGY4OC0zNDM2M2JjN2M0YzAiOnsiY3JlYXRlIjoxODAwMDAwMDAwMDAwLCJkZWxldGUiOjE4MDAwMDAwMDAwMDAsInJlYWQiOjMwMDAwMDAwMDAwMCwidXBkYXRlIjoxODAwMDAwMDAwMDAwfX0=",
          "dependencies": [
            "azurerm_resource_group.tf_resource_group",
            "azurerm_service_plan.appserviceplan"
          ]
        }
      ]
    },
    {
      "mode": "managed",
      "type": "azurerm_private_dns_zone",
      "name": "private_dns_zone",
      "provider": "provider[\"registry.terraform.io/hashicorp/azurerm\"]",
      "instances": [
        {
          "schema_version": 0,
          "attributes": {
            "id": "/subscriptions/817c1532-85ce-4a4f-bea2-6ea18491ba01/resourceGroups/resourceGroup-desofsM1a6/providers/Microsoft.Network/privateDnsZones/privateLink-desofsM1a6.azurewebsites.net",
            "max_number_of_record_sets": 25000,
            "max_number_of_virtual_network_links": 1000,
            "max_number_of_virtual_network_links_with_registration": 100,
            "name": "privateLink-desofsM1a6.azurewebsites.net",
            "number_of_record_sets": 1,
            "resource_group_name": "resourceGroup-desofsM1a6",
            "soa_record": [
              {
                "email": "azureprivatedns-host.microsoft.com",
                "expire_time": 2419200,
                "fqdn": "privatelink-desofsm1a6.azurewebsites.net.",
                "host_name": "azureprivatedns.net",
                "minimum_ttl": 10,
                "refresh_time": 3600,
                "retry_time": 300,
                "serial_number": 1,
                "tags": {},
                "ttl": 3600
              }
            ],
            "tags": {},
            "timeouts": null
          },
          "sensitive_attributes": [],
          "private": "eyJlMmJmYjczMC1lY2FhLTExZTYtOGY4OC0zNDM2M2JjN2M0YzAiOnsiY3JlYXRlIjoxODAwMDAwMDAwMDAwLCJkZWxldGUiOjE4MDAwMDAwMDAwMDAsInJlYWQiOjMwMDAwMDAwMDAwMCwidXBkYXRlIjoxODAwMDAwMDAwMDAwfX0=",
          "dependencies": [
            "azurerm_resource_group.tf_resource_group"
          ]
        }
      ]
    },
    {
      "mode": "managed",
      "type": "azurerm_private_dns_zone_virtual_network_link",
      "name": "dns_link",
      "provider": "provider[\"registry.terraform.io/hashicorp/azurerm\"]",
      "instances": [
        {
          "schema_version": 0,
          "attributes": {
            "id": "/subscriptions/817c1532-85ce-4a4f-bea2-6ea18491ba01/resourceGroups/resourceGroup-desofsM1a6/providers/Microsoft.Network/privateDnsZones/privateLink-desofsM1a6.azurewebsites.net/virtualNetworkLinks/dnslink-desofsM1a6",
            "name": "dnslink-desofsM1a6",
            "private_dns_zone_name": "privateLink-desofsM1a6.azurewebsites.net",
            "registration_enabled": true,
            "resource_group_name": "resourceGroup-desofsM1a6",
            "tags": {},
            "timeouts": null,
            "virtual_network_id": "/subscriptions/817c1532-85ce-4a4f-bea2-6ea18491ba01/resourceGroups/resourceGroup-desofsM1a6/providers/Microsoft.Network/virtualNetworks/vnet-desofsM1a6"
          },
          "sensitive_attributes": [],
          "private": "eyJlMmJmYjczMC1lY2FhLTExZTYtOGY4OC0zNDM2M2JjN2M0YzAiOnsiY3JlYXRlIjoxODAwMDAwMDAwMDAwLCJkZWxldGUiOjE4MDAwMDAwMDAwMDAsInJlYWQiOjMwMDAwMDAwMDAwMCwidXBkYXRlIjoxODAwMDAwMDAwMDAwfX0=",
          "dependencies": [
            "azurerm_private_dns_zone.private_dns_zone",
            "azurerm_resource_group.tf_resource_group",
            "azurerm_virtual_network.tf_virtual_network"
          ]
        }
      ]
    },
    {
      "mode": "managed",
      "type": "azurerm_private_endpoint",
      "name": "backend_endpoint",
      "provider": "provider[\"registry.terraform.io/hashicorp/azurerm\"]",
      "instances": [
        {
          "schema_version": 0,
          "attributes": {
            "custom_dns_configs": [
              {
                "fqdn": "backend-desofsm1a6.azurewebsites.net",
                "ip_addresses": [
                  "10.0.1.4"
                ]
              },
              {
                "fqdn": "backend-desofsm1a6.scm.azurewebsites.net",
                "ip_addresses": [
                  "10.0.1.4"
                ]
              }
            ],
            "id": "/subscriptions/817c1532-85ce-4a4f-bea2-6ea18491ba01/resourceGroups/resourceGroup-desofsM1a6/providers/Microsoft.Network/privateEndpoints/backendPrivateEndpoint-desofsM1a6",
            "location": "westeurope",
            "name": "backendPrivateEndpoint-desofsM1a6",
            "network_interface": [
              {
                "id": "/subscriptions/817c1532-85ce-4a4f-bea2-6ea18491ba01/resourceGroups/resourceGroup-desofsM1a6/providers/Microsoft.Network/networkInterfaces/backendPrivateEndpoint-desofsM1a6.nic.f7cb6f41-00e3-476f-9b61-aeadd5692372",
                "name": "backendPrivateEndpoint-desofsM1a6.nic.f7cb6f41-00e3-476f-9b61-aeadd5692372"
              }
            ],
            "private_dns_zone_configs": [],
            "private_dns_zone_group": [],
            "private_service_connection": [
              {
                "is_manual_connection": false,
                "name": "connection-desofsM1a6",
                "private_connection_resource_alias": "",
                "private_connection_resource_id": "/subscriptions/817c1532-85ce-4a4f-bea2-6ea18491ba01/resourceGroups/resourceGroup-desofsM1a6/providers/Microsoft.Web/sites/backend-desofsM1a6",
                "private_ip_address": "10.0.1.4",
                "request_message": "",
                "subresource_names": [
                  "sites"
                ]
              }
            ],
            "resource_group_name": "resourceGroup-desofsM1a6",
            "subnet_id": "/subscriptions/817c1532-85ce-4a4f-bea2-6ea18491ba01/resourceGroups/resourceGroup-desofsM1a6/providers/Microsoft.Network/virtualNetworks/vnet-desofsM1a6/subnets/privateEndpointSubnet-desofsM1a6",
            "tags": {},
            "timeouts": null
          },
          "sensitive_attributes": [],
          "private": "eyJlMmJmYjczMC1lY2FhLTExZTYtOGY4OC0zNDM2M2JjN2M0YzAiOnsiY3JlYXRlIjozNjAwMDAwMDAwMDAwLCJkZWxldGUiOjM2MDAwMDAwMDAwMDAsInJlYWQiOjMwMDAwMDAwMDAwMCwidXBkYXRlIjozNjAwMDAwMDAwMDAwfX0=",
          "dependencies": [
            "azurerm_linux_web_app.backend",
            "azurerm_private_dns_zone.private_dns_zone",
            "azurerm_private_dns_zone_virtual_network_link.dns_link",
            "azurerm_resource_group.tf_resource_group",
            "azurerm_service_plan.appserviceplan",
            "azurerm_subnet.private_endpoint_subnet",
            "azurerm_virtual_network.tf_virtual_network"
          ]
        }
      ]
    },
    {
      "mode": "managed",
      "type": "azurerm_resource_group",
      "name": "tf_resource_group",
      "provider": "provider[\"registry.terraform.io/hashicorp/azurerm\"]",
      "instances": [
        {
          "schema_version": 0,
          "attributes": {
            "id": "/subscriptions/817c1532-85ce-4a4f-bea2-6ea18491ba01/resourceGroups/resourceGroup-desofsM1a6",
            "location": "westeurope",
            "name": "resourceGroup-desofsM1a6",
            "tags": {
              "environment": "dev"
            },
            "timeouts": null
          },
          "sensitive_attributes": [],
          "private": "eyJlMmJmYjczMC1lY2FhLTExZTYtOGY4OC0zNDM2M2JjN2M0YzAiOnsiY3JlYXRlIjo1NDAwMDAwMDAwMDAwLCJkZWxldGUiOjU0MDAwMDAwMDAwMDAsInJlYWQiOjMwMDAwMDAwMDAwMCwidXBkYXRlIjo1NDAwMDAwMDAwMDAwfX0="
        }
      ]
    },
    {
      "mode": "managed",
      "type": "azurerm_service_plan",
      "name": "appserviceplan",
      "provider": "provider[\"registry.terraform.io/hashicorp/azurerm\"]",
      "instances": [
        {
          "schema_version": 0,
          "attributes": {
            "app_service_environment_id": "",
            "id": "/subscriptions/817c1532-85ce-4a4f-bea2-6ea18491ba01/resourceGroups/resourceGroup-desofsM1a6/providers/Microsoft.Web/serverfarms/appServicePlan-desofsM1a6",
            "kind": "linux",
            "location": "westeurope",
            "maximum_elastic_worker_count": 1,
            "name": "appServicePlan-desofsM1a6",
            "os_type": "Linux",
            "per_site_scaling_enabled": false,
            "reserved": true,
            "resource_group_name": "resourceGroup-desofsM1a6",
            "sku_name": "S1",
            "tags": {},
            "timeouts": null,
            "worker_count": 1
          },
          "sensitive_attributes": [],
          "private": "eyJlMmJmYjczMC1lY2FhLTExZTYtOGY4OC0zNDM2M2JjN2M0YzAiOnsiY3JlYXRlIjozNjAwMDAwMDAwMDAwLCJkZWxldGUiOjM2MDAwMDAwMDAwMDAsInJlYWQiOjMwMDAwMDAwMDAwMCwidXBkYXRlIjozNjAwMDAwMDAwMDAwfX0=",
          "dependencies": [
            "azurerm_resource_group.tf_resource_group"
          ]
        }
      ]
    },
    {
      "mode": "managed",
      "type": "azurerm_subnet",
      "name": "private_endpoint_subnet",
      "provider": "provider[\"registry.terraform.io/hashicorp/azurerm\"]",
      "instances": [
        {
          "schema_version": 0,
          "attributes": {
            "address_prefixes": [
              "10.0.1.0/24"
            ],
            "delegation": [],
            "enforce_private_link_endpoint_network_policies": true,
            "enforce_private_link_service_network_policies": false,
            "id": "/subscriptions/817c1532-85ce-4a4f-bea2-6ea18491ba01/resourceGroups/resourceGroup-desofsM1a6/providers/Microsoft.Network/virtualNetworks/vnet-desofsM1a6/subnets/privateEndpointSubnet-desofsM1a6",
            "name": "privateEndpointSubnet-desofsM1a6",
            "resource_group_name": "resourceGroup-desofsM1a6",
            "service_endpoint_policy_ids": [],
            "service_endpoints": [],
            "timeouts": null,
            "virtual_network_name": "vnet-desofsM1a6"
          },
          "sensitive_attributes": [],
          "private": "eyJlMmJmYjczMC1lY2FhLTExZTYtOGY4OC0zNDM2M2JjN2M0YzAiOnsiY3JlYXRlIjoxODAwMDAwMDAwMDAwLCJkZWxldGUiOjE4MDAwMDAwMDAwMDAsInJlYWQiOjMwMDAwMDAwMDAwMCwidXBkYXRlIjoxODAwMDAwMDAwMDAwfX0=",
          "dependencies": [
            "azurerm_resource_group.tf_resource_group",
            "azurerm_virtual_network.tf_virtual_network"
          ]
        }
      ]
    },
    {
      "mode": "managed",
      "type": "azurerm_subnet",
      "name": "vnet_integration_subnet",
      "provider": "provider[\"registry.terraform.io/hashicorp/azurerm\"]",
      "instances": [
        {
          "schema_version": 0,
          "attributes": {
            "address_prefixes": [
              "10.0.0.0/24"
            ],
            "delegation": [
              {
                "name": "delegation",
                "service_delegation": [
                  {
                    "actions": [
                      "Microsoft.Network/virtualNetworks/subnets/action"
                    ],
                    "name": "Microsoft.Web/serverFarms"
                  }
                ]
              }
            ],
            "enforce_private_link_endpoint_network_policies": false,
            "enforce_private_link_service_network_policies": false,
            "id": "/subscriptions/817c1532-85ce-4a4f-bea2-6ea18491ba01/resourceGroups/resourceGroup-desofsM1a6/providers/Microsoft.Network/virtualNetworks/vnet-desofsM1a6/subnets/vnetIntegrationSubnet-desofsM1a6",
            "name": "vnetIntegrationSubnet-desofsM1a6",
            "resource_group_name": "resourceGroup-desofsM1a6",
            "service_endpoint_policy_ids": [],
            "service_endpoints": [],
            "timeouts": null,
            "virtual_network_name": "vnet-desofsM1a6"
          },
          "sensitive_attributes": [],
          "private": "eyJlMmJmYjczMC1lY2FhLTExZTYtOGY4OC0zNDM2M2JjN2M0YzAiOnsiY3JlYXRlIjoxODAwMDAwMDAwMDAwLCJkZWxldGUiOjE4MDAwMDAwMDAwMDAsInJlYWQiOjMwMDAwMDAwMDAwMCwidXBkYXRlIjoxODAwMDAwMDAwMDAwfX0=",
          "dependencies": [
            "azurerm_resource_group.tf_resource_group",
            "azurerm_virtual_network.tf_virtual_network"
          ]
        }
      ]
    },
    {
      "mode": "managed",
      "type": "azurerm_virtual_network",
      "name": "tf_virtual_network",
      "provider": "provider[\"registry.terraform.io/hashicorp/azurerm\"]",
      "instances": [
        {
          "schema_version": 0,
          "attributes": {
            "address_space": [
              "10.0.0.0/16"
            ],
            "bgp_community": "",
            "ddos_protection_plan": [],
            "dns_servers": [],
            "edge_zone": "",
            "flow_timeout_in_minutes": 0,
            "guid": "cbf76238-e360-4993-9a35-71bf07684b28",
            "id": "/subscriptions/817c1532-85ce-4a4f-bea2-6ea18491ba01/resourceGroups/resourceGroup-desofsM1a6/providers/Microsoft.Network/virtualNetworks/vnet-desofsM1a6",
            "location": "westeurope",
            "name": "vnet-desofsM1a6",
            "resource_group_name": "resourceGroup-desofsM1a6",
            "subnet": [
              {
                "address_prefix": "10.0.0.0/24",
                "id": "/subscriptions/817c1532-85ce-4a4f-bea2-6ea18491ba01/resourceGroups/resourceGroup-desofsM1a6/providers/Microsoft.Network/virtualNetworks/vnet-desofsM1a6/subnets/vnetIntegrationSubnet-desofsM1a6",
                "name": "vnetIntegrationSubnet-desofsM1a6",
                "security_group": ""
              },
              {
                "address_prefix": "10.0.1.0/24",
                "id": "/subscriptions/817c1532-85ce-4a4f-bea2-6ea18491ba01/resourceGroups/resourceGroup-desofsM1a6/providers/Microsoft.Network/virtualNetworks/vnet-desofsM1a6/subnets/privateEndpointSubnet-desofsM1a6",
                "name": "privateEndpointSubnet-desofsM1a6",
                "security_group": ""
              }
            ],
            "tags": {
              "environment": "dev"
            },
            "timeouts": null
          },
          "sensitive_attributes": [],
          "private": "eyJlMmJmYjczMC1lY2FhLTExZTYtOGY4OC0zNDM2M2JjN2M0YzAiOnsiY3JlYXRlIjoxODAwMDAwMDAwMDAwLCJkZWxldGUiOjE4MDAwMDAwMDAwMDAsInJlYWQiOjMwMDAwMDAwMDAwMCwidXBkYXRlIjoxODAwMDAwMDAwMDAwfX0=",
          "dependencies": [
            "azurerm_resource_group.tf_resource_group"
          ]
        }
      ]
    },
    {
      "mode": "managed",
      "type": "null_resource",
      "name": "enable_vnet_integration",
      "provider": "provider[\"registry.terraform.io/hashicorp/null\"]",
      "instances": [
        {
          "schema_version": 0,
          "attributes": {
            "id": "6774153123674041032",
            "triggers": null
          },
          "sensitive_attributes": [],
          "dependencies": [
            "azurerm_linux_web_app.frontend",
            "azurerm_resource_group.tf_resource_group",
            "azurerm_service_plan.appserviceplan",
            "azurerm_subnet.vnet_integration_subnet",
            "azurerm_virtual_network.tf_virtual_network"
          ]
        }
      ]
    }
  ],
  "check_results": null
}
