{
  "version": 4,
  "terraform_version": "1.8.2",
  "serial": 41,
  "lineage": "1e1a55cb-d0c4-80ca-d3bc-e4f0112d4267",
  "outputs": {},
  "resources": [
    {
      "module": "module.database",
      "mode": "managed",
      "type": "azurerm_mssql_database",
      "name": "fg_database",
      "provider": "provider[\"registry.terraform.io/hashicorp/azurerm\"]",
      "instances": [
        {
          "schema_version": 1,
          "attributes": {
            "auto_pause_delay_in_minutes": 0,
            "collation": "SQL_Latin1_General_CP1_CI_AS",
            "create_mode": "Default",
            "creation_source_database_id": null,
            "elastic_pool_id": "",
            "enclave_type": "",
            "geo_backup_enabled": true,
            "id": "/subscriptions/817c1532-85ce-4a4f-bea2-6ea18491ba01/resourceGroups/desofsm1a6-rg1/providers/Microsoft.Sql/servers/dbserverdesofsm1a61/databases/fg-database",
            "identity": [],
            "import": [],
            "ledger_enabled": false,
            "license_type": "LicenseIncluded",
            "long_term_retention_policy": [
              {
                "immutable_backups_enabled": false,
                "monthly_retention": "PT0S",
                "week_of_year": 1,
                "weekly_retention": "PT0S",
                "yearly_retention": "PT0S"
              }
            ],
            "maintenance_configuration_name": "SQL_Default",
            "max_size_gb": 32,
            "min_capacity": 0,
            "name": "fg-database",
            "read_replica_count": 0,
            "read_scale": false,
            "recover_database_id": null,
            "recovery_point_id": null,
            "restore_dropped_database_id": null,
            "restore_long_term_retention_backup_id": null,
            "restore_point_in_time": null,
            "sample_name": null,
            "secondary_type": "",
            "server_id": "/subscriptions/817c1532-85ce-4a4f-bea2-6ea18491ba01/resourceGroups/desofsm1a6-rg1/providers/Microsoft.Sql/servers/dbserverdesofsm1a61",
            "short_term_retention_policy": [
              {
                "backup_interval_in_hours": 12,
                "retention_days": 7
              }
            ],
            "sku_name": "GP_Gen5_2",
            "storage_account_type": "Geo",
            "tags": {},
            "threat_detection_policy": [
              {
                "disabled_alerts": [],
                "email_account_admins": "Disabled",
                "email_addresses": [],
                "retention_days": 0,
                "state": "Disabled",
                "storage_account_access_key": "",
                "storage_endpoint": ""
              }
            ],
            "timeouts": null,
            "transparent_data_encryption_enabled": true,
            "transparent_data_encryption_key_automatic_rotation_enabled": false,
            "transparent_data_encryption_key_vault_key_id": "",
            "zone_redundant": false
          },
          "sensitive_attributes": [
            [
              {
                "type": "get_attr",
                "value": "threat_detection_policy"
              },
              {
                "type": "index",
                "value": {
                  "value": 0,
                  "type": "number"
                }
              },
              {
                "type": "get_attr",
                "value": "storage_account_access_key"
              }
            ]
          ],
          "private": "eyJlMmJmYjczMC1lY2FhLTExZTYtOGY4OC0zNDM2M2JjN2M0YzAiOnsiY3JlYXRlIjozNjAwMDAwMDAwMDAwLCJkZWxldGUiOjM2MDAwMDAwMDAwMDAsInJlYWQiOjMwMDAwMDAwMDAwMCwidXBkYXRlIjozNjAwMDAwMDAwMDAwfSwic2NoZW1hX3ZlcnNpb24iOiIxIn0=",
          "dependencies": [
            "module.database.azurerm_mssql_server.servermysql",
            "module.network.azurerm_resource_group.rg",
            "module.network.azurerm_subnet.backendendpointsubnet",
            "module.network.azurerm_subnet.databaseendpointsubnet",
            "module.network.azurerm_subnet.integrationsubnet",
            "module.network.azurerm_virtual_network.vnet",
            "module.private_dns.azurerm_private_dns_zone.dnsprivatezone",
            "module.private_dns.azurerm_private_dns_zone_virtual_network_link.dnszonelink",
            "module.private_dns.azurerm_private_endpoint.privateendpoint",
            "module.webapp.azurerm_app_service_virtual_network_swift_connection.vnetintegrationconnection",
            "module.webapp.azurerm_linux_web_app.backwebapp",
            "module.webapp.azurerm_linux_web_app.frontwebapp",
            "module.webapp.azurerm_service_plan.appserviceplan1"
          ]
        }
      ]
    },
    {
      "module": "module.database",
      "mode": "managed",
      "type": "azurerm_mssql_server",
      "name": "servermysql",
      "provider": "provider[\"registry.terraform.io/hashicorp/azurerm\"]",
      "instances": [
        {
          "schema_version": 0,
          "attributes": {
            "administrator_login": "admin1",
            "administrator_login_password": "ExamplePassword123!",
            "azuread_administrator": [],
            "connection_policy": "Default",
            "fully_qualified_domain_name": "dbserverdesofsm1a61.database.windows.net",
            "id": "/subscriptions/817c1532-85ce-4a4f-bea2-6ea18491ba01/resourceGroups/desofsm1a6-rg1/providers/Microsoft.Sql/servers/dbserverdesofsm1a61",
            "identity": [],
            "location": "eastus",
            "minimum_tls_version": "1.2",
            "name": "dbserverdesofsm1a61",
            "outbound_network_restriction_enabled": false,
            "primary_user_assigned_identity_id": "",
            "public_network_access_enabled": true,
            "resource_group_name": "desofsm1a6-rg1",
            "restorable_dropped_database_ids": [],
            "tags": {},
            "timeouts": null,
            "transparent_data_encryption_key_vault_key_id": "",
            "version": "12.0"
          },
          "sensitive_attributes": [
            [
              {
                "type": "get_attr",
                "value": "administrator_login_password"
              }
            ]
          ],
          "private": "eyJlMmJmYjczMC1lY2FhLTExZTYtOGY4OC0zNDM2M2JjN2M0YzAiOnsiY3JlYXRlIjozNjAwMDAwMDAwMDAwLCJkZWxldGUiOjM2MDAwMDAwMDAwMDAsInJlYWQiOjMwMDAwMDAwMDAwMCwidXBkYXRlIjozNjAwMDAwMDAwMDAwfX0=",
          "dependencies": [
            "module.network.azurerm_resource_group.rg",
            "module.network.azurerm_subnet.backendendpointsubnet",
            "module.network.azurerm_subnet.databaseendpointsubnet",
            "module.network.azurerm_subnet.integrationsubnet",
            "module.network.azurerm_virtual_network.vnet",
            "module.private_dns.azurerm_private_dns_zone.dnsprivatezone",
            "module.private_dns.azurerm_private_dns_zone_virtual_network_link.dnszonelink",
            "module.private_dns.azurerm_private_endpoint.privateendpoint",
            "module.webapp.azurerm_app_service_virtual_network_swift_connection.vnetintegrationconnection",
            "module.webapp.azurerm_linux_web_app.backwebapp",
            "module.webapp.azurerm_linux_web_app.frontwebapp",
            "module.webapp.azurerm_service_plan.appserviceplan1"
          ]
        }
      ]
    },
    {
      "module": "module.database",
      "mode": "managed",
      "type": "azurerm_mssql_virtual_network_rule",
      "name": "allow_be",
      "provider": "provider[\"registry.terraform.io/hashicorp/azurerm\"]",
      "instances": [
        {
          "schema_version": 0,
          "attributes": {
            "id": "/subscriptions/817c1532-85ce-4a4f-bea2-6ea18491ba01/resourceGroups/desofsm1a6-rg1/providers/Microsoft.Sql/servers/dbserverdesofsm1a61/virtualNetworkRules/be_sql_vnet_rule",
            "ignore_missing_vnet_service_endpoint": false,
            "name": "be_sql_vnet_rule",
            "server_id": "/subscriptions/817c1532-85ce-4a4f-bea2-6ea18491ba01/resourceGroups/desofsm1a6-rg1/providers/Microsoft.Sql/servers/dbserverdesofsm1a61",
            "subnet_id": "/subscriptions/817c1532-85ce-4a4f-bea2-6ea18491ba01/resourceGroups/desofsm1a6-rg1/providers/Microsoft.Network/virtualNetworks/desofsm1a6-vnet1/subnets/desofsm1a6-backendendpointsubnet1",
            "timeouts": null
          },
          "sensitive_attributes": [],
          "private": "eyJlMmJmYjczMC1lY2FhLTExZTYtOGY4OC0zNDM2M2JjN2M0YzAiOnsiY3JlYXRlIjoxODAwMDAwMDAwMDAwLCJkZWxldGUiOjE4MDAwMDAwMDAwMDAsInJlYWQiOjMwMDAwMDAwMDAwMCwidXBkYXRlIjoxODAwMDAwMDAwMDAwfX0=",
          "dependencies": [
            "module.database.azurerm_mssql_server.servermysql",
            "module.network.azurerm_resource_group.rg",
            "module.network.azurerm_subnet.backendendpointsubnet",
            "module.network.azurerm_subnet.databaseendpointsubnet",
            "module.network.azurerm_subnet.integrationsubnet",
            "module.network.azurerm_virtual_network.vnet",
            "module.private_dns.azurerm_private_dns_zone.dnsprivatezone",
            "module.private_dns.azurerm_private_dns_zone_virtual_network_link.dnszonelink",
            "module.private_dns.azurerm_private_endpoint.privateendpoint",
            "module.webapp.azurerm_app_service_virtual_network_swift_connection.vnetintegrationconnection",
            "module.webapp.azurerm_linux_web_app.backwebapp",
            "module.webapp.azurerm_linux_web_app.frontwebapp",
            "module.webapp.azurerm_service_plan.appserviceplan1"
          ]
        }
      ]
    },
    {
      "module": "module.network",
      "mode": "managed",
      "type": "azurerm_resource_group",
      "name": "rg",
      "provider": "provider[\"registry.terraform.io/hashicorp/azurerm\"]",
      "instances": [
        {
          "schema_version": 0,
          "attributes": {
            "id": "/subscriptions/817c1532-85ce-4a4f-bea2-6ea18491ba01/resourceGroups/desofsm1a6-rg1",
            "location": "eastus",
            "managed_by": "",
            "name": "desofsm1a6-rg1",
            "tags": {},
            "timeouts": null
          },
          "sensitive_attributes": [],
          "private": "eyJlMmJmYjczMC1lY2FhLTExZTYtOGY4OC0zNDM2M2JjN2M0YzAiOnsiY3JlYXRlIjo1NDAwMDAwMDAwMDAwLCJkZWxldGUiOjU0MDAwMDAwMDAwMDAsInJlYWQiOjMwMDAwMDAwMDAwMCwidXBkYXRlIjo1NDAwMDAwMDAwMDAwfX0="
        }
      ]
    },
    {
      "module": "module.network",
      "mode": "managed",
      "type": "azurerm_subnet",
      "name": "backendendpointsubnet",
      "provider": "provider[\"registry.terraform.io/hashicorp/azurerm\"]",
      "instances": [
        {
          "schema_version": 0,
          "attributes": {
            "address_prefixes": [
              "10.0.2.0/24"
            ],
            "delegation": [],
            "enforce_private_link_endpoint_network_policies": false,
            "enforce_private_link_service_network_policies": false,
            "id": "/subscriptions/817c1532-85ce-4a4f-bea2-6ea18491ba01/resourceGroups/desofsm1a6-rg1/providers/Microsoft.Network/virtualNetworks/desofsm1a6-vnet1/subnets/desofsm1a6-backendendpointsubnet1",
            "name": "desofsm1a6-backendendpointsubnet1",
            "private_endpoint_network_policies": "Enabled",
            "private_endpoint_network_policies_enabled": true,
            "private_link_service_network_policies_enabled": true,
            "resource_group_name": "desofsm1a6-rg1",
            "service_endpoint_policy_ids": [],
            "service_endpoints": [
              "Microsoft.Sql"
            ],
            "timeouts": null,
            "virtual_network_name": "desofsm1a6-vnet1"
          },
          "sensitive_attributes": [],
          "private": "eyJlMmJmYjczMC1lY2FhLTExZTYtOGY4OC0zNDM2M2JjN2M0YzAiOnsiY3JlYXRlIjoxODAwMDAwMDAwMDAwLCJkZWxldGUiOjE4MDAwMDAwMDAwMDAsInJlYWQiOjMwMDAwMDAwMDAwMCwidXBkYXRlIjoxODAwMDAwMDAwMDAwfX0=",
          "dependencies": [
            "module.network.azurerm_resource_group.rg",
            "module.network.azurerm_virtual_network.vnet"
          ]
        }
      ]
    },
    {
      "module": "module.network",
      "mode": "managed",
      "type": "azurerm_subnet",
      "name": "integrationsubnet",
      "provider": "provider[\"registry.terraform.io/hashicorp/azurerm\"]",
      "instances": [
        {
          "schema_version": 0,
          "attributes": {
            "address_prefixes": [
              "10.0.1.0/24"
            ],
            "delegation": [
              {
                "name": "delegation",
                "service_delegation": [
                  {
                    "actions": [
                      "Microsoft.Network/virtualNetworks/subnets/action"
                    ],
                    "name": "Microsoft.Web/serverFarms"
                  }
                ]
              }
            ],
            "enforce_private_link_endpoint_network_policies": false,
            "enforce_private_link_service_network_policies": false,
            "id": "/subscriptions/817c1532-85ce-4a4f-bea2-6ea18491ba01/resourceGroups/desofsm1a6-rg1/providers/Microsoft.Network/virtualNetworks/desofsm1a6-vnet1/subnets/desofsm1a6-integrationsubnet1",
            "name": "desofsm1a6-integrationsubnet1",
            "private_endpoint_network_policies": "Enabled",
            "private_endpoint_network_policies_enabled": true,
            "private_link_service_network_policies_enabled": true,
            "resource_group_name": "desofsm1a6-rg1",
            "service_endpoint_policy_ids": [],
            "service_endpoints": [],
            "timeouts": null,
            "virtual_network_name": "desofsm1a6-vnet1"
          },
          "sensitive_attributes": [],
          "private": "eyJlMmJmYjczMC1lY2FhLTExZTYtOGY4OC0zNDM2M2JjN2M0YzAiOnsiY3JlYXRlIjoxODAwMDAwMDAwMDAwLCJkZWxldGUiOjE4MDAwMDAwMDAwMDAsInJlYWQiOjMwMDAwMDAwMDAwMCwidXBkYXRlIjoxODAwMDAwMDAwMDAwfX0=",
          "dependencies": [
            "module.network.azurerm_resource_group.rg",
            "module.network.azurerm_virtual_network.vnet"
          ]
        }
      ]
    },
    {
      "module": "module.network",
      "mode": "managed",
      "type": "azurerm_virtual_network",
      "name": "vnet",
      "provider": "provider[\"registry.terraform.io/hashicorp/azurerm\"]",
      "instances": [
        {
          "schema_version": 0,
          "attributes": {
            "address_space": [
              "10.0.0.0/16"
            ],
            "bgp_community": "",
            "ddos_protection_plan": [],
            "dns_servers": [],
            "edge_zone": "",
            "encryption": [],
            "flow_timeout_in_minutes": 0,
            "guid": "505cc567-3b3e-4702-b6cd-121e7dec2b28",
            "id": "/subscriptions/817c1532-85ce-4a4f-bea2-6ea18491ba01/resourceGroups/desofsm1a6-rg1/providers/Microsoft.Network/virtualNetworks/desofsm1a6-vnet1",
            "location": "eastus",
            "name": "desofsm1a6-vnet1",
            "resource_group_name": "desofsm1a6-rg1",
            "subnet": [
              {
                "address_prefix": "10.0.1.0/24",
                "id": "/subscriptions/817c1532-85ce-4a4f-bea2-6ea18491ba01/resourceGroups/desofsm1a6-rg1/providers/Microsoft.Network/virtualNetworks/desofsm1a6-vnet1/subnets/desofsm1a6-integrationsubnet1",
                "name": "desofsm1a6-integrationsubnet1",
                "security_group": ""
              },
              {
                "address_prefix": "10.0.2.0/24",
                "id": "/subscriptions/817c1532-85ce-4a4f-bea2-6ea18491ba01/resourceGroups/desofsm1a6-rg1/providers/Microsoft.Network/virtualNetworks/desofsm1a6-vnet1/subnets/desofsm1a6-backendendpointsubnet1",
                "name": "desofsm1a6-backendendpointsubnet1",
                "security_group": ""
              },
              {
                "address_prefix": "10.0.3.0/24",
                "id": "/subscriptions/817c1532-85ce-4a4f-bea2-6ea18491ba01/resourceGroups/desofsm1a6-rg1/providers/Microsoft.Network/virtualNetworks/desofsm1a6-vnet1/subnets/desofsm1a6-databaseendpointsubnet1",
                "name": "desofsm1a6-databaseendpointsubnet1",
                "security_group": ""
              }
            ],
            "tags": {},
            "timeouts": null
          },
          "sensitive_attributes": [],
          "private": "eyJlMmJmYjczMC1lY2FhLTExZTYtOGY4OC0zNDM2M2JjN2M0YzAiOnsiY3JlYXRlIjoxODAwMDAwMDAwMDAwLCJkZWxldGUiOjE4MDAwMDAwMDAwMDAsInJlYWQiOjMwMDAwMDAwMDAwMCwidXBkYXRlIjoxODAwMDAwMDAwMDAwfX0=",
          "dependencies": [
            "module.network.azurerm_resource_group.rg"
          ]
        }
      ]
    },
    {
      "module": "module.private_dns",
      "mode": "managed",
      "type": "azurerm_private_dns_zone",
      "name": "dnsprivatezone",
      "provider": "provider[\"registry.terraform.io/hashicorp/azurerm\"]",
      "instances": [
        {
          "schema_version": 0,
          "attributes": {
            "id": "/subscriptions/817c1532-85ce-4a4f-bea2-6ea18491ba01/resourceGroups/desofsm1a6-rg1/providers/Microsoft.Network/privateDnsZones/privatelink.azurewebsites.net",
            "max_number_of_record_sets": 25000,
            "max_number_of_virtual_network_links": 1000,
            "max_number_of_virtual_network_links_with_registration": 100,
            "name": "privatelink.azurewebsites.net",
            "number_of_record_sets": 3,
            "resource_group_name": "desofsm1a6-rg1",
            "soa_record": [
              {
                "email": "azureprivatedns-host.microsoft.com",
                "expire_time": 2419200,
                "fqdn": "privatelink.azurewebsites.net.",
                "host_name": "azureprivatedns.net",
                "minimum_ttl": 10,
                "refresh_time": 3600,
                "retry_time": 300,
                "serial_number": 1,
                "tags": {},
                "ttl": 3600
              }
            ],
            "tags": {},
            "timeouts": null
          },
          "sensitive_attributes": [],
          "private": "eyJlMmJmYjczMC1lY2FhLTExZTYtOGY4OC0zNDM2M2JjN2M0YzAiOnsiY3JlYXRlIjoxODAwMDAwMDAwMDAwLCJkZWxldGUiOjE4MDAwMDAwMDAwMDAsInJlYWQiOjMwMDAwMDAwMDAwMCwidXBkYXRlIjoxODAwMDAwMDAwMDAwfX0=",
          "dependencies": [
            "module.network.azurerm_resource_group.rg",
            "module.network.azurerm_subnet.backendendpointsubnet",
            "module.network.azurerm_subnet.databaseendpointsubnet",
            "module.network.azurerm_subnet.integrationsubnet",
            "module.network.azurerm_virtual_network.vnet",
            "module.webapp.azurerm_app_service_virtual_network_swift_connection.vnetintegrationconnection",
            "module.webapp.azurerm_linux_web_app.backwebapp",
            "module.webapp.azurerm_linux_web_app.frontwebapp",
            "module.webapp.azurerm_service_plan.appserviceplan1"
          ]
        }
      ]
    },
    {
      "module": "module.private_dns",
      "mode": "managed",
      "type": "azurerm_private_dns_zone_virtual_network_link",
      "name": "dnszonelink",
      "provider": "provider[\"registry.terraform.io/hashicorp/azurerm\"]",
      "instances": [
        {
          "schema_version": 0,
          "attributes": {
            "id": "/subscriptions/817c1532-85ce-4a4f-bea2-6ea18491ba01/resourceGroups/desofsm1a6-rg1/providers/Microsoft.Network/privateDnsZones/privatelink.azurewebsites.net/virtualNetworkLinks/desofsm1a6dnszonelink1",
            "name": "desofsm1a6dnszonelink1",
            "private_dns_zone_name": "privatelink.azurewebsites.net",
            "registration_enabled": false,
            "resource_group_name": "desofsm1a6-rg1",
            "tags": {},
            "timeouts": null,
            "virtual_network_id": "/subscriptions/817c1532-85ce-4a4f-bea2-6ea18491ba01/resourceGroups/desofsm1a6-rg1/providers/Microsoft.Network/virtualNetworks/desofsm1a6-vnet1"
          },
          "sensitive_attributes": [],
          "private": "eyJlMmJmYjczMC1lY2FhLTExZTYtOGY4OC0zNDM2M2JjN2M0YzAiOnsiY3JlYXRlIjoxODAwMDAwMDAwMDAwLCJkZWxldGUiOjE4MDAwMDAwMDAwMDAsInJlYWQiOjMwMDAwMDAwMDAwMCwidXBkYXRlIjoxODAwMDAwMDAwMDAwfX0=",
          "dependencies": [
            "module.network.azurerm_resource_group.rg",
            "module.network.azurerm_subnet.backendendpointsubnet",
            "module.network.azurerm_subnet.databaseendpointsubnet",
            "module.network.azurerm_subnet.integrationsubnet",
            "module.network.azurerm_virtual_network.vnet",
            "module.private_dns.azurerm_private_dns_zone.dnsprivatezone",
            "module.webapp.azurerm_app_service_virtual_network_swift_connection.vnetintegrationconnection",
            "module.webapp.azurerm_linux_web_app.backwebapp",
            "module.webapp.azurerm_linux_web_app.frontwebapp",
            "module.webapp.azurerm_service_plan.appserviceplan1"
          ]
        }
      ]
    },
    {
      "module": "module.private_dns",
      "mode": "managed",
      "type": "azurerm_private_endpoint",
      "name": "privateendpoint",
      "provider": "provider[\"registry.terraform.io/hashicorp/azurerm\"]",
      "instances": [
        {
          "schema_version": 0,
          "attributes": {
            "custom_dns_configs": [],
            "custom_network_interface_name": "",
            "id": "/subscriptions/817c1532-85ce-4a4f-bea2-6ea18491ba01/resourceGroups/desofsm1a6-rg1/providers/Microsoft.Network/privateEndpoints/backwebappprivateendpoint1",
            "ip_configuration": [],
            "location": "eastus",
            "name": "backwebappprivateendpoint1",
            "network_interface": [
              {
                "id": "/subscriptions/817c1532-85ce-4a4f-bea2-6ea18491ba01/resourceGroups/desofsm1a6-rg1/providers/Microsoft.Network/networkInterfaces/backwebappprivateendpoint1.nic.d7d5548f-765b-4fed-a07c-b0d92778b71c",
                "name": "backwebappprivateendpoint1.nic.d7d5548f-765b-4fed-a07c-b0d92778b71c"
              }
            ],
            "private_dns_zone_configs": [
              {
                "id": "/subscriptions/817c1532-85ce-4a4f-bea2-6ea18491ba01/resourceGroups/desofsm1a6-rg1/providers/Microsoft.Network/privateEndpoints/backwebappprivateendpoint1/privateDnsZoneGroups/privatednszonegroup1/privateDnsZoneConfigs/privatelink.azurewebsites.net",
                "name": "privatelink.azurewebsites.net",
                "private_dns_zone_id": "/subscriptions/817c1532-85ce-4a4f-bea2-6ea18491ba01/resourceGroups/desofsm1a6-rg1/providers/Microsoft.Network/privateDnsZones/privatelink.azurewebsites.net",
                "record_sets": [
                  {
                    "fqdn": "backend-desofsm1a061.privatelink.azurewebsites.net",
                    "ip_addresses": [
                      "10.0.2.4"
                    ],
                    "name": "backend-desofsm1a061",
                    "ttl": 10,
                    "type": "A"
                  },
                  {
                    "fqdn": "backend-desofsm1a061.scm.privatelink.azurewebsites.net",
                    "ip_addresses": [
                      "10.0.2.4"
                    ],
                    "name": "backend-desofsm1a061.scm",
                    "ttl": 10,
                    "type": "A"
                  }
                ]
              }
            ],
            "private_dns_zone_group": [
              {
                "id": "/subscriptions/817c1532-85ce-4a4f-bea2-6ea18491ba01/resourceGroups/desofsm1a6-rg1/providers/Microsoft.Network/privateEndpoints/backwebappprivateendpoint1/privateDnsZoneGroups/privatednszonegroup1",
                "name": "privatednszonegroup1",
                "private_dns_zone_ids": [
                  "/subscriptions/817c1532-85ce-4a4f-bea2-6ea18491ba01/resourceGroups/desofsm1a6-rg1/providers/Microsoft.Network/privateDnsZones/privatelink.azurewebsites.net"
                ]
              }
            ],
            "private_service_connection": [
              {
                "is_manual_connection": false,
                "name": "privateendpointconnection1",
                "private_connection_resource_alias": "",
                "private_connection_resource_id": "/subscriptions/817c1532-85ce-4a4f-bea2-6ea18491ba01/resourceGroups/desofsm1a6-rg1/providers/Microsoft.Web/sites/backend-desofsm1a061",
                "private_ip_address": "10.0.2.4",
                "request_message": "",
                "subresource_names": [
                  "sites"
                ]
              }
            ],
            "resource_group_name": "desofsm1a6-rg1",
            "subnet_id": "/subscriptions/817c1532-85ce-4a4f-bea2-6ea18491ba01/resourceGroups/desofsm1a6-rg1/providers/Microsoft.Network/virtualNetworks/desofsm1a6-vnet1/subnets/desofsm1a6-backendendpointsubnet1",
            "tags": {},
            "timeouts": null
          },
          "sensitive_attributes": [],
          "private": "eyJlMmJmYjczMC1lY2FhLTExZTYtOGY4OC0zNDM2M2JjN2M0YzAiOnsiY3JlYXRlIjozNjAwMDAwMDAwMDAwLCJkZWxldGUiOjM2MDAwMDAwMDAwMDAsInJlYWQiOjMwMDAwMDAwMDAwMCwidXBkYXRlIjozNjAwMDAwMDAwMDAwfX0=",
          "dependencies": [
            "module.network.azurerm_resource_group.rg",
            "module.network.azurerm_subnet.backendendpointsubnet",
            "module.network.azurerm_subnet.databaseendpointsubnet",
            "module.network.azurerm_subnet.integrationsubnet",
            "module.network.azurerm_virtual_network.vnet",
            "module.private_dns.azurerm_private_dns_zone.dnsprivatezone",
            "module.webapp.azurerm_app_service_virtual_network_swift_connection.vnetintegrationconnection",
            "module.webapp.azurerm_linux_web_app.backwebapp",
            "module.webapp.azurerm_linux_web_app.frontwebapp",
            "module.webapp.azurerm_service_plan.appserviceplan1"
          ]
        }
      ]
    },
    {
      "module": "module.webapp",
      "mode": "managed",
      "type": "azurerm_app_service_virtual_network_swift_connection",
      "name": "vnetintegrationconnection",
      "provider": "provider[\"registry.terraform.io/hashicorp/azurerm\"]",
      "instances": [
        {
          "schema_version": 0,
          "attributes": {
            "app_service_id": "/subscriptions/817c1532-85ce-4a4f-bea2-6ea18491ba01/resourceGroups/desofsm1a6-rg1/providers/Microsoft.Web/sites/frontend-desofsm1a061",
            "id": "/subscriptions/817c1532-85ce-4a4f-bea2-6ea18491ba01/resourceGroups/desofsm1a6-rg1/providers/Microsoft.Web/sites/frontend-desofsm1a061/config/virtualNetwork",
            "subnet_id": "/subscriptions/817c1532-85ce-4a4f-bea2-6ea18491ba01/resourceGroups/desofsm1a6-rg1/providers/Microsoft.Network/virtualNetworks/desofsm1a6-vnet1/subnets/desofsm1a6-integrationsubnet1",
            "timeouts": null
          },
          "sensitive_attributes": [],
          "private": "eyJlMmJmYjczMC1lY2FhLTExZTYtOGY4OC0zNDM2M2JjN2M0YzAiOnsiY3JlYXRlIjoxODAwMDAwMDAwMDAwLCJkZWxldGUiOjE4MDAwMDAwMDAwMDAsInJlYWQiOjMwMDAwMDAwMDAwMCwidXBkYXRlIjoxODAwMDAwMDAwMDAwfX0=",
          "dependencies": [
            "module.network.azurerm_resource_group.rg",
            "module.network.azurerm_subnet.backendendpointsubnet",
            "module.network.azurerm_subnet.integrationsubnet",
            "module.network.azurerm_virtual_network.vnet",
            "module.webapp.azurerm_linux_web_app.frontwebapp",
            "module.webapp.azurerm_service_plan.appserviceplan1"
          ]
        }
      ]
    },
    {
      "module": "module.webapp",
      "mode": "managed",
      "type": "azurerm_linux_web_app",
      "name": "backwebapp",
      "provider": "provider[\"registry.terraform.io/hashicorp/azurerm\"]",
      "instances": [
        {
          "schema_version": 1,
          "attributes": {
            "app_settings": {},
            "auth_settings": [],
            "auth_settings_v2": [],
            "backup": [],
            "client_affinity_enabled": false,
            "client_certificate_enabled": false,
            "client_certificate_exclusion_paths": "",
            "client_certificate_mode": "Required",
            "connection_string": [
              {
                "name": "Database",
                "type": "MySql",
                "value": "mysql://admin1:ExamplePassword123!@dbserverdesofsm1a61.mysql.database.azure.com:3306/databasedbserver"
              }
            ],
            "custom_domain_verification_id": "C999D7E3CA5D3B81BBC38BEC94511C64CF46E810B3824A0CA16239E592737628",
            "default_hostname": "backend-desofsm1a061.azurewebsites.net",
            "enabled": true,
            "ftp_publish_basic_authentication_enabled": true,
            "hosting_environment_id": "",
            "https_only": false,
            "id": "/subscriptions/817c1532-85ce-4a4f-bea2-6ea18491ba01/resourceGroups/desofsm1a6-rg1/providers/Microsoft.Web/sites/backend-desofsm1a061",
            "identity": [],
            "key_vault_reference_identity_id": "SystemAssigned",
            "kind": "app,linux",
            "location": "eastus",
            "logs": [],
            "name": "backend-desofsm1a061",
            "outbound_ip_address_list": [
              "4.255.19.126",
              "4.255.19.133",
              "4.255.17.212",
              "172.171.137.209",
              "172.171.137.245",
              "172.171.138.8",
              "4.255.16.209",
              "4.255.17.141",
              "4.255.17.156",
              "4.255.17.198",
              "4.255.17.242",
              "4.255.17.136",
              "20.119.8.50"
            ],
            "outbound_ip_addresses": "4.255.19.126,4.255.19.133,4.255.17.212,172.171.137.209,172.171.137.245,172.171.138.8,4.255.16.209,4.255.17.141,4.255.17.156,4.255.17.198,4.255.17.242,4.255.17.136,20.119.8.50",
            "possible_outbound_ip_address_list": [
              "4.255.19.126",
              "4.255.19.133",
              "4.255.17.212",
              "172.171.137.209",
              "172.171.137.245",
              "172.171.138.8",
              "4.255.16.209",
              "4.255.17.141",
              "4.255.17.156",
              "4.255.17.198",
              "4.255.17.242",
              "4.255.17.136",
              "4.255.18.25",
              "4.255.18.77",
              "4.255.18.115",
              "4.255.18.105",
              "4.255.18.139",
              "4.255.18.180",
              "4.255.18.226",
              "4.255.18.249",
              "4.255.18.252",
              "4.255.17.157",
              "4.255.18.24",
              "4.255.19.31",
              "4.255.19.126",
              "4.255.19.133",
              "4.255.17.212",
              "172.171.137.209",
              "172.171.137.245",
              "172.171.138.8",
              "172.171.138.44",
              "172.171.138.71",
              "172.171.138.72",
              "172.171.138.84",
              "172.171.138.88",
              "172.171.138.90",
              "20.119.8.50"
            ],
            "possible_outbound_ip_addresses": "4.255.19.126,4.255.19.133,4.255.17.212,172.171.137.209,172.171.137.245,172.171.138.8,4.255.16.209,4.255.17.141,4.255.17.156,4.255.17.198,4.255.17.242,4.255.17.136,4.255.18.25,4.255.18.77,4.255.18.115,4.255.18.105,4.255.18.139,4.255.18.180,4.255.18.226,4.255.18.249,4.255.18.252,4.255.17.157,4.255.18.24,4.255.19.31,4.255.19.126,4.255.19.133,4.255.17.212,172.171.137.209,172.171.137.245,172.171.138.8,172.171.138.44,172.171.138.71,172.171.138.72,172.171.138.84,172.171.138.88,172.171.138.90,20.119.8.50",
            "public_network_access_enabled": true,
            "resource_group_name": "desofsm1a6-rg1",
            "service_plan_id": "/subscriptions/817c1532-85ce-4a4f-bea2-6ea18491ba01/resourceGroups/desofsm1a6-rg1/providers/Microsoft.Web/serverFarms/desofsm1a6-appserviceplan1",
            "site_config": [
              {
                "always_on": true,
                "api_definition_url": "",
                "api_management_api_id": "",
                "app_command_line": "",
                "application_stack": [
                  {
                    "docker_image": "",
                    "docker_image_name": "",
                    "docker_image_tag": "",
                    "docker_registry_password": "",
                    "docker_registry_url": "",
                    "docker_registry_username": "",
                    "dotnet_version": "",
                    "go_version": "",
                    "java_server": "JAVA",
                    "java_server_version": "17",
                    "java_version": "17",
                    "node_version": "",
                    "php_version": "",
                    "python_version": "",
                    "ruby_version": ""
                  }
                ],
                "auto_heal_enabled": false,
                "auto_heal_setting": [],
                "container_registry_managed_identity_client_id": "",
                "container_registry_use_managed_identity": false,
                "cors": [],
                "default_documents": [
                  "Default.htm",
                  "Default.html",
                  "Default.asp",
                  "index.htm",
                  "index.html",
                  "iisstart.htm",
                  "default.aspx",
                  "index.php",
                  "hostingstart.html"
                ],
                "detailed_error_logging_enabled": false,
                "ftps_state": "Disabled",
                "health_check_eviction_time_in_min": 0,
                "health_check_path": "",
                "http2_enabled": false,
                "ip_restriction": [],
                "ip_restriction_default_action": "Allow",
                "linux_fx_version": "JAVA|17-java17",
                "load_balancing_mode": "LeastRequests",
                "local_mysql_enabled": false,
                "managed_pipeline_mode": "Integrated",
                "minimum_tls_version": "1.2",
                "remote_debugging_enabled": false,
                "remote_debugging_version": "VS2019",
                "scm_ip_restriction": [],
                "scm_ip_restriction_default_action": "Allow",
                "scm_minimum_tls_version": "1.2",
                "scm_type": "None",
                "scm_use_main_ip_restriction": false,
                "use_32_bit_worker": true,
                "vnet_route_all_enabled": false,
                "websockets_enabled": false,
                "worker_count": 1
              }
            ],
            "site_credential": [
              {
                "name": "$backend-desofsm1a061",
                "password": "7FDc1oLv8p4gN57Q6si9Dcb8eR6AuzH3MnwXmrRdatQEcXr9msZFAbJkWiMl"
              }
            ],
            "sticky_settings": [],
            "storage_account": [],
            "tags": {},
            "timeouts": null,
            "virtual_network_subnet_id": "",
            "webdeploy_publish_basic_authentication_enabled": true,
            "zip_deploy_file": ""
          },
          "sensitive_attributes": [
            [
              {
                "type": "get_attr",
                "value": "site_config"
              },
              {
                "type": "index",
                "value": {
                  "value": 0,
                  "type": "number"
                }
              },
              {
                "type": "get_attr",
                "value": "application_stack"
              },
              {
                "type": "index",
                "value": {
                  "value": 0,
                  "type": "number"
                }
              },
              {
                "type": "get_attr",
                "value": "docker_registry_password"
              }
            ],
            [
              {
                "type": "get_attr",
                "value": "site_credential"
              }
            ],
            [
              {
                "type": "get_attr",
                "value": "connection_string"
              }
            ],
            [
              {
                "type": "get_attr",
                "value": "custom_domain_verification_id"
              }
            ]
          ],
          "private": "eyJlMmJmYjczMC1lY2FhLTExZTYtOGY4OC0zNDM2M2JjN2M0YzAiOnsiY3JlYXRlIjoxODAwMDAwMDAwMDAwLCJkZWxldGUiOjE4MDAwMDAwMDAwMDAsInJlYWQiOjMwMDAwMDAwMDAwMCwidXBkYXRlIjoxODAwMDAwMDAwMDAwfSwic2NoZW1hX3ZlcnNpb24iOiIxIn0=",
          "dependencies": [
            "module.network.azurerm_resource_group.rg",
            "module.network.azurerm_subnet.backendendpointsubnet",
            "module.network.azurerm_subnet.databaseendpointsubnet",
            "module.network.azurerm_subnet.integrationsubnet",
            "module.network.azurerm_virtual_network.vnet",
            "module.webapp.azurerm_service_plan.appserviceplan1"
          ]
        }
      ]
    },
    {
      "module": "module.webapp",
      "mode": "managed",
      "type": "azurerm_linux_web_app",
      "name": "frontwebapp",
      "provider": "provider[\"registry.terraform.io/hashicorp/azurerm\"]",
      "instances": [
        {
          "schema_version": 1,
          "attributes": {
            "app_settings": {
              "WEBSITE_DNS_SERVER": "168.63.129.16"
            },
            "auth_settings": [],
            "auth_settings_v2": [],
            "backup": [],
            "client_affinity_enabled": false,
            "client_certificate_enabled": false,
            "client_certificate_exclusion_paths": "",
            "client_certificate_mode": "Required",
            "connection_string": [],
            "custom_domain_verification_id": "C999D7E3CA5D3B81BBC38BEC94511C64CF46E810B3824A0CA16239E592737628",
            "default_hostname": "frontend-desofsm1a061.azurewebsites.net",
            "enabled": true,
            "ftp_publish_basic_authentication_enabled": true,
            "hosting_environment_id": "",
            "https_only": false,
            "id": "/subscriptions/817c1532-85ce-4a4f-bea2-6ea18491ba01/resourceGroups/desofsm1a6-rg1/providers/Microsoft.Web/sites/frontend-desofsm1a061",
            "identity": [],
            "key_vault_reference_identity_id": "SystemAssigned",
            "kind": "app,linux",
            "location": "eastus",
            "logs": [],
            "name": "frontend-desofsm1a061",
            "outbound_ip_address_list": [
              "4.255.19.126",
              "4.255.19.133",
              "4.255.17.212",
              "172.171.137.209",
              "172.171.137.245",
              "172.171.138.8",
              "4.255.16.209",
              "4.255.17.141",
              "4.255.17.156",
              "4.255.17.198",
              "4.255.17.242",
              "4.255.17.136",
              "20.119.8.50"
            ],
            "outbound_ip_addresses": "4.255.19.126,4.255.19.133,4.255.17.212,172.171.137.209,172.171.137.245,172.171.138.8,4.255.16.209,4.255.17.141,4.255.17.156,4.255.17.198,4.255.17.242,4.255.17.136,20.119.8.50",
            "possible_outbound_ip_address_list": [
              "4.255.19.126",
              "4.255.19.133",
              "4.255.17.212",
              "172.171.137.209",
              "172.171.137.245",
              "172.171.138.8",
              "4.255.16.209",
              "4.255.17.141",
              "4.255.17.156",
              "4.255.17.198",
              "4.255.17.242",
              "4.255.17.136",
              "4.255.18.25",
              "4.255.18.77",
              "4.255.18.115",
              "4.255.18.105",
              "4.255.18.139",
              "4.255.18.180",
              "4.255.18.226",
              "4.255.18.249",
              "4.255.18.252",
              "4.255.17.157",
              "4.255.18.24",
              "4.255.19.31",
              "4.255.19.126",
              "4.255.19.133",
              "4.255.17.212",
              "172.171.137.209",
              "172.171.137.245",
              "172.171.138.8",
              "172.171.138.44",
              "172.171.138.71",
              "172.171.138.72",
              "172.171.138.84",
              "172.171.138.88",
              "172.171.138.90",
              "20.119.8.50"
            ],
            "possible_outbound_ip_addresses": "4.255.19.126,4.255.19.133,4.255.17.212,172.171.137.209,172.171.137.245,172.171.138.8,4.255.16.209,4.255.17.141,4.255.17.156,4.255.17.198,4.255.17.242,4.255.17.136,4.255.18.25,4.255.18.77,4.255.18.115,4.255.18.105,4.255.18.139,4.255.18.180,4.255.18.226,4.255.18.249,4.255.18.252,4.255.17.157,4.255.18.24,4.255.19.31,4.255.19.126,4.255.19.133,4.255.17.212,172.171.137.209,172.171.137.245,172.171.138.8,172.171.138.44,172.171.138.71,172.171.138.72,172.171.138.84,172.171.138.88,172.171.138.90,20.119.8.50",
            "public_network_access_enabled": true,
            "resource_group_name": "desofsm1a6-rg1",
            "service_plan_id": "/subscriptions/817c1532-85ce-4a4f-bea2-6ea18491ba01/resourceGroups/desofsm1a6-rg1/providers/Microsoft.Web/serverFarms/desofsm1a6-appserviceplan1",
            "site_config": [
              {
                "always_on": true,
                "api_definition_url": "",
                "api_management_api_id": "",
                "app_command_line": "",
                "application_stack": [
                  {
                    "docker_image": "",
                    "docker_image_name": "",
                    "docker_image_tag": "",
                    "docker_registry_password": "",
                    "docker_registry_url": "",
                    "docker_registry_username": "",
                    "dotnet_version": "",
                    "go_version": "",
                    "java_server": "",
                    "java_server_version": "",
                    "java_version": "",
                    "node_version": "",
                    "php_version": "",
                    "python_version": "",
                    "ruby_version": ""
                  }
                ],
                "auto_heal_enabled": false,
                "auto_heal_setting": [],
                "container_registry_managed_identity_client_id": "",
                "container_registry_use_managed_identity": false,
                "cors": [],
                "default_documents": [
                  "Default.htm",
                  "Default.html",
                  "Default.asp",
                  "index.htm",
                  "index.html",
                  "iisstart.htm",
                  "default.aspx",
                  "index.php",
                  "hostingstart.html"
                ],
                "detailed_error_logging_enabled": false,
                "ftps_state": "Disabled",
                "health_check_eviction_time_in_min": 0,
                "health_check_path": "",
                "http2_enabled": false,
                "ip_restriction": [],
                "ip_restriction_default_action": "Allow",
                "linux_fx_version": "",
                "load_balancing_mode": "LeastRequests",
                "local_mysql_enabled": false,
                "managed_pipeline_mode": "Integrated",
                "minimum_tls_version": "1.2",
                "remote_debugging_enabled": false,
                "remote_debugging_version": "VS2019",
                "scm_ip_restriction": [],
                "scm_ip_restriction_default_action": "Allow",
                "scm_minimum_tls_version": "1.2",
                "scm_type": "None",
                "scm_use_main_ip_restriction": false,
                "use_32_bit_worker": true,
                "vnet_route_all_enabled": true,
                "websockets_enabled": false,
                "worker_count": 1
              }
            ],
            "site_credential": [
              {
                "name": "$frontend-desofsm1a061",
                "password": "ug4BPRm3it5LzNs6f9h6tT0l00hgPh3lY26s7LSaiEcXT5xTswERa7o1XwQH"
              }
            ],
            "sticky_settings": [],
            "storage_account": [],
            "tags": {},
            "timeouts": null,
            "virtual_network_subnet_id": "",
            "webdeploy_publish_basic_authentication_enabled": true,
            "zip_deploy_file": ""
          },
          "sensitive_attributes": [
            [
              {
                "type": "get_attr",
                "value": "custom_domain_verification_id"
              }
            ],
            [
              {
                "type": "get_attr",
                "value": "site_config"
              },
              {
                "type": "index",
                "value": {
                  "value": 0,
                  "type": "number"
                }
              },
              {
                "type": "get_attr",
                "value": "application_stack"
              },
              {
                "type": "index",
                "value": {
                  "value": 0,
                  "type": "number"
                }
              },
              {
                "type": "get_attr",
                "value": "docker_registry_password"
              }
            ],
            [
              {
                "type": "get_attr",
                "value": "site_credential"
              }
            ]
          ],
          "private": "eyJlMmJmYjczMC1lY2FhLTExZTYtOGY4OC0zNDM2M2JjN2M0YzAiOnsiY3JlYXRlIjoxODAwMDAwMDAwMDAwLCJkZWxldGUiOjE4MDAwMDAwMDAwMDAsInJlYWQiOjMwMDAwMDAwMDAwMCwidXBkYXRlIjoxODAwMDAwMDAwMDAwfSwic2NoZW1hX3ZlcnNpb24iOiIxIn0=",
          "dependencies": [
            "module.network.azurerm_resource_group.rg",
            "module.network.azurerm_subnet.backendendpointsubnet",
            "module.network.azurerm_subnet.databaseendpointsubnet",
            "module.network.azurerm_subnet.integrationsubnet",
            "module.network.azurerm_virtual_network.vnet",
            "module.webapp.azurerm_service_plan.appserviceplan1"
          ]
        }
      ]
    },
    {
      "module": "module.webapp",
      "mode": "managed",
      "type": "azurerm_service_plan",
      "name": "appserviceplan1",
      "provider": "provider[\"registry.terraform.io/hashicorp/azurerm\"]",
      "instances": [
        {
          "schema_version": 1,
          "attributes": {
            "app_service_environment_id": "",
            "id": "/subscriptions/817c1532-85ce-4a4f-bea2-6ea18491ba01/resourceGroups/desofsm1a6-rg1/providers/Microsoft.Web/serverFarms/desofsm1a6-appserviceplan1",
            "kind": "linux",
            "location": "eastus",
            "maximum_elastic_worker_count": 1,
            "name": "desofsm1a6-appserviceplan1",
            "os_type": "Linux",
            "per_site_scaling_enabled": false,
            "reserved": true,
            "resource_group_name": "desofsm1a6-rg1",
            "sku_name": "B1",
            "tags": {},
            "timeouts": null,
            "worker_count": 1,
            "zone_balancing_enabled": false
          },
          "sensitive_attributes": [],
          "private": "eyJlMmJmYjczMC1lY2FhLTExZTYtOGY4OC0zNDM2M2JjN2M0YzAiOnsiY3JlYXRlIjozNjAwMDAwMDAwMDAwLCJkZWxldGUiOjM2MDAwMDAwMDAwMDAsInJlYWQiOjMwMDAwMDAwMDAwMCwidXBkYXRlIjozNjAwMDAwMDAwMDAwfSwic2NoZW1hX3ZlcnNpb24iOiIxIn0=",
          "dependencies": [
            "module.network.azurerm_resource_group.rg",
            "module.network.azurerm_subnet.backendendpointsubnet",
            "module.network.azurerm_subnet.databaseendpointsubnet",
            "module.network.azurerm_subnet.integrationsubnet",
            "module.network.azurerm_virtual_network.vnet"
          ]
        }
      ]
    }
  ],
  "check_results": null
}
